// !$*UTF8*$!
{
	archiveVersion = 1;
	classes = {
	};
	objectVersion = 50;
	objects = {

/* Begin PBXBuildFile section */
		EA15B184260A4A690095377B /* AppDelegate.swift in Sources */ = {isa = PBXBuildFile; fileRef = EA15B183260A4A690095377B /* AppDelegate.swift */; };
		EA15B186260A4A690095377B /* SceneDelegate.swift in Sources */ = {isa = PBXBuildFile; fileRef = EA15B185260A4A690095377B /* SceneDelegate.swift */; };
		EA15B188260A4A690095377B /* ViewController.swift in Sources */ = {isa = PBXBuildFile; fileRef = EA15B187260A4A690095377B /* ViewController.swift */; };
		EA15B18B260A4A690095377B /* Main.storyboard in Resources */ = {isa = PBXBuildFile; fileRef = EA15B189260A4A690095377B /* Main.storyboard */; };
		EA15B18D260A4A6A0095377B /* Assets.xcassets in Resources */ = {isa = PBXBuildFile; fileRef = EA15B18C260A4A6A0095377B /* Assets.xcassets */; };
		EA15B190260A4A6A0095377B /* LaunchScreen.storyboard in Resources */ = {isa = PBXBuildFile; fileRef = EA15B18E260A4A6A0095377B /* LaunchScreen.storyboard */; };
		EAB053E5260B8B5C00923E94 /* kmmsharedmodule.framework in Frameworks */ = {isa = PBXBuildFile; fileRef = EA15B199260A4AA50095377B /* kmmsharedmodule.framework */; };
		EAB053E6260B8B5C00923E94 /* kmmsharedmodule.framework in Embed Frameworks */ = {isa = PBXBuildFile; fileRef = EA15B199260A4AA50095377B /* kmmsharedmodule.framework */; settings = {ATTRIBUTES = (CodeSignOnCopy, RemoveHeadersOnCopy, ); }; };
/* End PBXBuildFile section */

/* Begin PBXCopyFilesBuildPhase section */
		EAB053E7260B8B5C00923E94 /* Embed Frameworks */ = {
			isa = PBXCopyFilesBuildPhase;
			buildActionMask = 2147483647;
			dstPath = "";
			dstSubfolderSpec = 10;
			files = (
				EAB053E6260B8B5C00923E94 /* kmmsharedmodule.framework in Embed Frameworks */,
			);
			name = "Embed Frameworks";
			runOnlyForDeploymentPostprocessing = 0;
		};
/* End PBXCopyFilesBuildPhase section */

/* Begin PBXFileReference section */
		EA15B180260A4A690095377B /* ios_proj.app */ = {isa = PBXFileReference; explicitFileType = wrapper.application; includeInIndex = 0; path = ios_proj.app; sourceTree = BUILT_PRODUCTS_DIR; };
		EA15B183260A4A690095377B /* AppDelegate.swift */ = {isa = PBXFileReference; lastKnownFileType = sourcecode.swift; path = AppDelegate.swift; sourceTree = "<group>"; };
		EA15B185260A4A690095377B /* SceneDelegate.swift */ = {isa = PBXFileReference; lastKnownFileType = sourcecode.swift; path = SceneDelegate.swift; sourceTree = "<group>"; };
		EA15B187260A4A690095377B /* ViewController.swift */ = {isa = PBXFileReference; lastKnownFileType = sourcecode.swift; path = ViewController.swift; sourceTree = "<group>"; };
		EA15B18A260A4A690095377B /* Base */ = {isa = PBXFileReference; lastKnownFileType = file.storyboard; name = Base; path = Base.lproj/Main.storyboard; sourceTree = "<group>"; };
		EA15B18C260A4A6A0095377B /* Assets.xcassets */ = {isa = PBXFileReference; lastKnownFileType = folder.assetcatalog; path = Assets.xcassets; sourceTree = "<group>"; };
		EA15B18F260A4A6A0095377B /* Base */ = {isa = PBXFileReference; lastKnownFileType = file.storyboard; name = Base; path = Base.lproj/LaunchScreen.storyboard; sourceTree = "<group>"; };
		EA15B191260A4A6A0095377B /* Info.plist */ = {isa = PBXFileReference; lastKnownFileType = text.plist.xml; path = Info.plist; sourceTree = "<group>"; };
		EA15B199260A4AA50095377B /* kmmsharedmodule.framework */ = {isa = PBXFileReference; lastKnownFileType = wrapper.framework; name = kmmsharedmodule.framework; path = "../../kotlin_proj/kmmsharedmodule/build/xcode-frameworks/kmmsharedmodule.framework"; sourceTree = "<group>"; };
		EAB053E1260B8B3000923E94 /* kmmsharedmodule.framework */ = {isa = PBXFileReference; lastKnownFileType = wrapper.framework; name = kmmsharedmodule.framework; path = ../../kotlin_proj/kmmsharedmodule/build/bin/iosX64/debugFramework/kmmsharedmodule.framework; sourceTree = "<group>"; };
/* End PBXFileReference section */

/* Begin PBXFrameworksBuildPhase section */
		EA15B17D260A4A690095377B /* Frameworks */ = {
			isa = PBXFrameworksBuildPhase;
			buildActionMask = 2147483647;
			files = (
				EAB053E5260B8B5C00923E94 /* kmmsharedmodule.framework in Frameworks */,
			);
			runOnlyForDeploymentPostprocessing = 0;
		};
/* End PBXFrameworksBuildPhase section */

/* Begin PBXGroup section */
		EA15B177260A4A690095377B = {
			isa = PBXGroup;
			children = (
				EA15B182260A4A690095377B /* ios_proj */,
				EA15B181260A4A690095377B /* Products */,
				EA15B198260A4AA50095377B /* Frameworks */,
			);
			sourceTree = "<group>";
		};
		EA15B181260A4A690095377B /* Products */ = {
			isa = PBXGroup;
			children = (
				EA15B180260A4A690095377B /* ios_proj.app */,
			);
			name = Products;
			sourceTree = "<group>";
		};
		EA15B182260A4A690095377B /* ios_proj */ = {
			isa = PBXGroup;
			children = (
				EA15B183260A4A690095377B /* AppDelegate.swift */,
				EA15B185260A4A690095377B /* SceneDelegate.swift */,
				EA15B187260A4A690095377B /* ViewController.swift */,
				EA15B189260A4A690095377B /* Main.storyboard */,
				EA15B18C260A4A6A0095377B /* Assets.xcassets */,
				EA15B18E260A4A6A0095377B /* LaunchScreen.storyboard */,
				EA15B191260A4A6A0095377B /* Info.plist */,
			);
			path = ios_proj;
			sourceTree = "<group>";
		};
		EA15B198260A4AA50095377B /* Frameworks */ = {
			isa = PBXGroup;
			children = (
				EAB053E1260B8B3000923E94 /* kmmsharedmodule.framework */,
				EA15B199260A4AA50095377B /* kmmsharedmodule.framework */,
			);
			name = Frameworks;
			sourceTree = "<group>";
		};
/* End PBXGroup section */

/* Begin PBXNativeTarget section */
		EA15B17F260A4A690095377B /* ios_proj */ = {
			isa = PBXNativeTarget;
			buildConfigurationList = EA15B194260A4A6A0095377B /* Build configuration list for PBXNativeTarget "ios_proj" */;
			buildPhases = (
				EA15B17C260A4A690095377B /* Sources */,
				EA15B17D260A4A690095377B /* Frameworks */,
				EA15B17E260A4A690095377B /* Resources */,
				EAB053E7260B8B5C00923E94 /* Embed Frameworks */,
				EAB053E8260B8B9F00923E94 /* ShellScript */,
			);
			buildRules = (
			);
			dependencies = (
			);
			name = ios_proj;
			productName = ios_proj;
			productReference = EA15B180260A4A690095377B /* ios_proj.app */;
			productType = "com.apple.product-type.application";
		};
/* End PBXNativeTarget section */

/* Begin PBXProject section */
		EA15B178260A4A690095377B /* Project object */ = {
			isa = PBXProject;
			attributes = {
				LastSwiftUpdateCheck = 1200;
				LastUpgradeCheck = 1200;
				TargetAttributes = {
					EA15B17F260A4A690095377B = {
						CreatedOnToolsVersion = 12.0;
					};
				};
			};
			buildConfigurationList = EA15B17B260A4A690095377B /* Build configuration list for PBXProject "ios_proj" */;
			compatibilityVersion = "Xcode 9.3";
			developmentRegion = en;
			hasScannedForEncodings = 0;
			knownRegions = (
				en,
				Base,
			);
			mainGroup = EA15B177260A4A690095377B;
			productRefGroup = EA15B181260A4A690095377B /* Products */;
			projectDirPath = "";
			projectRoot = "";
			targets = (
				EA15B17F260A4A690095377B /* ios_proj */,
			);
		};
/* End PBXProject section */

/* Begin PBXResourcesBuildPhase section */
		EA15B17E260A4A690095377B /* Resources */ = {
			isa = PBXResourcesBuildPhase;
			buildActionMask = 2147483647;
			files = (
				EA15B190260A4A6A0095377B /* LaunchScreen.storyboard in Resources */,
				EA15B18D260A4A6A0095377B /* Assets.xcassets in Resources */,
				EA15B18B260A4A690095377B /* Main.storyboard in Resources */,
			);
			runOnlyForDeploymentPostprocessing = 0;
		};
/* End PBXResourcesBuildPhase section */

/* Begin PBXShellScriptBuildPhase section */
		EAB053E8260B8B9F00923E94 /* ShellScript */ = {
			isa = PBXShellScriptBuildPhase;
			buildActionMask = 2147483647;
			files = (
			);
			inputFileListPaths = (
			);
			inputPaths = (
			);
			outputFileListPaths = (
			);
			outputPaths = (
			);
			runOnlyForDeploymentPostprocessing = 0;
			shellPath = /bin/sh;
			shellScript = "
";
		};
/* End PBXShellScriptBuildPhase section */

/* Begin PBXSourcesBuildPhase section */
		EA15B17C260A4A690095377B /* Sources */ = {
			isa = PBXSourcesBuildPhase;
			buildActionMask = 2147483647;
			files = (
				EA15B188260A4A690095377B /* ViewController.swift in Sources */,
				EA15B184260A4A690095377B /* AppDelegate.swift in Sources */,
				EA15B186260A4A690095377B /* SceneDelegate.swift in Sources */,
			);
			runOnlyForDeploymentPostprocessing = 0;
		};
/* End PBXSourcesBuildPhase section */

/* Begin PBXVariantGroup section */
		EA15B189260A4A690095377B /* Main.storyboard */ = {
			isa = PBXVariantGroup;
			children = (
				EA15B18A260A4A690095377B /* Base */,
			);
			name = Main.storyboard;
			sourceTree = "<group>";
		};
		EA15B18E260A4A6A0095377B /* LaunchScreen.storyboard */ = {
			isa = PBXVariantGroup;
			children = (
				EA15B18F260A4A6A0095377B /* Base */,
			);
			name = LaunchScreen.storyboard;
			sourceTree = "<group>";
		};
/* End PBXVariantGroup section */

/* Begin XCBuildConfiguration section */
		EA15B192260A4A6A0095377B /* Debug */ = {
			isa = XCBuildConfiguration;
			buildSettings = {
				ALWAYS_SEARCH_USER_PATHS = NO;
				CLANG_ANALYZER_NONNULL = YES;
				CLANG_ANALYZER_NUMBER_OBJECT_CONVERSION = YES_AGGRESSIVE;
				CLANG_CXX_LANGUAGE_STANDARD = "gnu++14";
				CLANG_CXX_LIBRARY = "libc++";
				CLANG_ENABLE_MODULES = YES;
				CLANG_ENABLE_OBJC_ARC = YES;
				CLANG_ENABLE_OBJC_WEAK = YES;
				CLANG_WARN_BLOCK_CAPTURE_AUTORELEASING = YES;
				CLANG_WARN_BOOL_CONVERSION = YES;
				CLANG_WARN_COMMA = YES;
				CLANG_WARN_CONSTANT_CONVERSION = YES;
				CLANG_WARN_DEPRECATED_OBJC_IMPLEMENTATIONS = YES;
				CLANG_WARN_DIRECT_OBJC_ISA_USAGE = YES_ERROR;
				CLANG_WARN_DOCUMENTATION_COMMENTS = YES;
				CLANG_WARN_EMPTY_BODY = YES;
				CLANG_WARN_ENUM_CONVERSION = YES;
				CLANG_WARN_INFINITE_RECURSION = YES;
				CLANG_WARN_INT_CONVERSION = YES;
				CLANG_WARN_NON_LITERAL_NULL_CONVERSION = YES;
				CLANG_WARN_OBJC_IMPLICIT_RETAIN_SELF = YES;
				CLANG_WARN_OBJC_LITERAL_CONVERSION = YES;
				CLANG_WARN_OBJC_ROOT_CLASS = YES_ERROR;
				CLANG_WARN_QUOTED_INCLUDE_IN_FRAMEWORK_HEADER = YES;
				CLANG_WARN_RANGE_LOOP_ANALYSIS = YES;
				CLANG_WARN_STRICT_PROTOTYPES = YES;
				CLANG_WARN_SUSPICIOUS_MOVE = YES;
				CLANG_WARN_UNGUARDED_AVAILABILITY = YES_AGGRESSIVE;
				CLANG_WARN_UNREACHABLE_CODE = YES;
				CLANG_WARN__DUPLICATE_METHOD_MATCH = YES;
				COPY_PHASE_STRIP = NO;
				DEBUG_INFORMATION_FORMAT = dwarf;
				ENABLE_STRICT_OBJC_MSGSEND = YES;
				ENABLE_TESTABILITY = YES;
				GCC_C_LANGUAGE_STANDARD = gnu11;
				GCC_DYNAMIC_NO_PIC = NO;
				GCC_NO_COMMON_BLOCKS = YES;
				GCC_OPTIMIZATION_LEVEL = 0;
				GCC_PREPROCESSOR_DEFINITIONS = (
					"DEBUG=1",
					"$(inherited)",
				);
				GCC_WARN_64_TO_32_BIT_CONVERSION = YES;
				GCC_WARN_ABOUT_RETURN_TYPE = YES_ERROR;
				GCC_WARN_UNDECLARED_SELECTOR = YES;
				GCC_WARN_UNINITIALIZED_AUTOS = YES_AGGRESSIVE;
				GCC_WARN_UNUSED_FUNCTION = YES;
				GCC_WARN_UNUSED_VARIABLE = YES;
				IPHONEOS_DEPLOYMENT_TARGET = 14.0;
				MTL_ENABLE_DEBUG_INFO = INCLUDE_SOURCE;
				MTL_FAST_MATH = YES;
				ONLY_ACTIVE_ARCH = YES;
				SDKROOT = iphoneos;
				SWIFT_ACTIVE_COMPILATION_CONDITIONS = DEBUG;
				SWIFT_OPTIMIZATION_LEVEL = "-Onone";
			};
			name = Debug;
		};
		EA15B193260A4A6A0095377B /* Release */ = {
			isa = XCBuildConfiguration;
			buildSettings = {
				ALWAYS_SEARCH_USER_PATHS = NO;
				CLANG_ANALYZER_NONNULL = YES;
				CLANG_ANALYZER_NUMBER_OBJECT_CONVERSION = YES_AGGRESSIVE;
				CLANG_CXX_LANGUAGE_STANDARD = "gnu++14";
				CLANG_CXX_LIBRARY = "libc++";
				CLANG_ENABLE_MODULES = YES;
				CLANG_ENABLE_OBJC_ARC = YES;
				CLANG_ENABLE_OBJC_WEAK = YES;
				CLANG_WARN_BLOCK_CAPTURE_AUTORELEASING = YES;
				CLANG_WARN_BOOL_CONVERSION = YES;
				CLANG_WARN_COMMA = YES;
				CLANG_WARN_CONSTANT_CONVERSION = YES;
				CLANG_WARN_DEPRECATED_OBJC_IMPLEMENTATIONS = YES;
				CLANG_WARN_DIRECT_OBJC_ISA_USAGE = YES_ERROR;
				CLANG_WARN_DOCUMENTATION_COMMENTS = YES;
				CLANG_WARN_EMPTY_BODY = YES;
				CLANG_WARN_ENUM_CONVERSION = YES;
				CLANG_WARN_INFINITE_RECURSION = YES;
				CLANG_WARN_INT_CONVERSION = YES;
				CLANG_WARN_NON_LITERAL_NULL_CONVERSION = YES;
				CLANG_WARN_OBJC_IMPLICIT_RETAIN_SELF = YES;
				CLANG_WARN_OBJC_LITERAL_CONVERSION = YES;
				CLANG_WARN_OBJC_ROOT_CLASS = YES_ERROR;
				CLANG_WARN_QUOTED_INCLUDE_IN_FRAMEWORK_HEADER = YES;
				CLANG_WARN_RANGE_LOOP_ANALYSIS = YES;
				CLANG_WARN_STRICT_PROTOTYPES = YES;
				CLANG_WARN_SUSPICIOUS_MOVE = YES;
				CLANG_WARN_UNGUARDED_AVAILABILITY = YES_AGGRESSIVE;
				CLANG_WARN_UNREACHABLE_CODE = YES;
				CLANG_WARN__DUPLICATE_METHOD_MATCH = YES;
				COPY_PHASE_STRIP = NO;
				DEBUG_INFORMATION_FORMAT = "dwarf-with-dsym";
				ENABLE_NS_ASSERTIONS = NO;
				ENABLE_STRICT_OBJC_MSGSEND = YES;
				GCC_C_LANGUAGE_STANDARD = gnu11;
				GCC_NO_COMMON_BLOCKS = YES;
				GCC_WARN_64_TO_32_BIT_CONVERSION = YES;
				GCC_WARN_ABOUT_RETURN_TYPE = YES_ERROR;
				GCC_WARN_UNDECLARED_SELECTOR = YES;
				GCC_WARN_UNINITIALIZED_AUTOS = YES_AGGRESSIVE;
				GCC_WARN_UNUSED_FUNCTION = YES;
				GCC_WARN_UNUSED_VARIABLE = YES;
				IPHONEOS_DEPLOYMENT_TARGET = 14.0;
				MTL_ENABLE_DEBUG_INFO = NO;
				MTL_FAST_MATH = YES;
				SDKROOT = iphoneos;
				SWIFT_COMPILATION_MODE = wholemodule;
				SWIFT_OPTIMIZATION_LEVEL = "-O";
				VALIDATE_PRODUCT = YES;
			};
			name = Release;
		};
		EA15B195260A4A6A0095377B /* Debug */ = {
			isa = XCBuildConfiguration;
			buildSettings = {
				ASSETCATALOG_COMPILER_APPICON_NAME = AppIcon;
				ASSETCATALOG_COMPILER_GLOBAL_ACCENT_COLOR_NAME = AccentColor;
				CODE_SIGN_STYLE = Automatic;
				DEVELOPMENT_TEAM = 7TXN395LVS;
				FRAMEWORK_SEARCH_PATHS = "$(SRCROOT)/../../kotlin_proj/kmmsharedmodule/build/xcode-frameworks";
				INFOPLIST_FILE = ios_proj/Info.plist;
				LD_RUNPATH_SEARCH_PATHS = (
					"$(inherited)",
					"@executable_path/Frameworks",
				);
				PRODUCT_BUNDLE_IDENTIFIER = "com.lucas.dos.ios-proj";
				PRODUCT_NAME = "$(TARGET_NAME)";
				SWIFT_VERSION = 5.0;
				TARGETED_DEVICE_FAMILY = "1,2";
			};
			name = Debug;
		};
		EA15B196260A4A6A0095377B /* Release */ = {
			isa = XCBuildConfiguration;
			buildSettings = {
				ASSETCATALOG_COMPILER_APPICON_NAME = AppIcon;
				ASSETCATALOG_COMPILER_GLOBAL_ACCENT_COLOR_NAME = AccentColor;
				CODE_SIGN_STYLE = Automatic;
				DEVELOPMENT_TEAM = 7TXN395LVS;
				FRAMEWORK_SEARCH_PATHS = "$(SRCROOT)/../../kotlin_proj/kmmsharedmodule/build/xcode-frameworks";
				INFOPLIST_FILE = ios_proj/Info.plist;
				LD_RUNPATH_SEARCH_PATHS = (
					"$(inherited)",
					"@executable_path/Frameworks",
				);
				PRODUCT_BUNDLE_IDENTIFIER = "com.lucas.dos.ios-proj";
				PRODUCT_NAME = "$(TARGET_NAME)";
				SWIFT_VERSION = 5.0;
				TARGETED_DEVICE_FAMILY = "1,2";
			};
			name = Release;
		};
/* End XCBuildConfiguration section */

/* Begin XCConfigurationList section */
		EA15B17B260A4A690095377B /* Build configuration list for PBXProject "ios_proj" */ = {
			isa = XCConfigurationList;
			buildConfigurations = (
				EA15B192260A4A6A0095377B /* Debug */,
				EA15B193260A4A6A0095377B /* Release */,
			);
			defaultConfigurationIsVisible = 0;
			defaultConfigurationName = Release;
		};
		EA15B194260A4A6A0095377B /* Build configuration list for PBXNativeTarget "ios_proj" */ = {
			isa = XCConfigurationList;
			buildConfigurations = (
				EA15B195260A4A6A0095377B /* Debug */,
				EA15B196260A4A6A0095377B /* Release */,
			);
			defaultConfigurationIsVisible = 0;
			defaultConfigurationName = Release;
		};
/* End XCConfigurationList section */
	};
	rootObject = EA15B178260A4A690095377B /* Project object */;
}
